
Microsoft Visual Studio Solution File, Format Version 12.00
# Visual Studio Version 16
VisualStudioVersion = 16.0.30804.86
MinimumVisualStudioVersion = 10.0.40219.1
Project("{9A19103F-16F7-4668-BE54-9A1E7A4F7556}") = "ContosoCrafts.WebSite", "ContosoCrafts.WebSite\ContosoCrafts.WebSite.csproj", "{2111A24A-31B7-4D30-B8AB-CACEBE611EA0}"
EndProject
Global
	GlobalSection(SolutionConfigurationPlatforms) = preSolution
		Debug|Any CPU = Debug|Any CPU
		Release|Any CPU = Release|Any CPU
	EndGlobalSection
	GlobalSection(ProjectConfigurationPlatforms) = postSolution
		{2111A24A-31B7-4D30-B8AB-CACEBE611EA0}.Debug|Any CPU.ActiveCfg = Debug|Any CPU
		{2111A24A-31B7-4D30-B8AB-CACEBE611EA0}.Debug|Any CPU.Build.0 = Debug|Any CPU
		{2111A24A-31B7-4D30-B8AB-CACEBE611EA0}.Release|Any CPU.ActiveCfg = Release|Any CPU
		{2111A24A-31B7-4D30-B8AB-CACEBE611EA0}.Release|Any CPU.Build.0 = Release|Any CPU
	EndGlobalSection
	GlobalSection(SolutionProperties) = preSolution
		HideSolutionNode = FALSE
	EndGlobalSection
	GlobalSection(ExtensibilityGlobals) = postSolution
		SolutionGuid = {D45C4BED-F6B1-4BB3-BC64-BE450CC10880}
	EndGlobalSection
EndGlobal
